
Microsoft Visual Studio Solution File, Format Version 12.00
# Visual Studio Version 17
VisualStudioVersion = 17.10.35201.131
MinimumVisualStudioVersion = 10.0.40219.1
Project("{9A19103F-16F7-4668-BE54-9A1E7A4F7556}") = "Aula01", "Aula01\Aula01.csproj", "{D9DA7DD9-C2C1-4EAD-A851-FC53C1972D9A}"
EndProject
Project("{9A19103F-16F7-4668-BE54-9A1E7A4F7556}") = "Aula02", "Aula02\Aula02.csproj", "{F3A97675-0954-4BC1-85E4-D3AA18F46D91}"
EndProject
Project("{9A19103F-16F7-4668-BE54-9A1E7A4F7556}") = "Aula03", "Aula03\Aula03.csproj", "{52798469-C0B9-4053-ABFF-0F479164D643}"
EndProject
Project("{9A19103F-16F7-4668-BE54-9A1E7A4F7556}") = "Aula04", "Aula04\Aula04.csproj", "{A90C8144-2E2B-4A61-8D24-A9E04D50C0A5}"
EndProject
Project("{9A19103F-16F7-4668-BE54-9A1E7A4F7556}") = "Aula05", "Aula05\Aula05.csproj", "{71AE4189-78C6-4440-9FD9-F1D87F58B66E}"
EndProject
Project("{9A19103F-16F7-4668-BE54-9A1E7A4F7556}") = "Aula06", "Aula06\Aula06.csproj", "{72E525C5-00FF-41F2-BC33-1E1A80D2CD78}"
EndProject
Project("{FAE04EC0-301F-11D3-BF4B-00C04F79EFBC}") = "Aula07", "Aula07\Aula07.csproj", "{21FB0442-F284-4C9F-A83F-52152EE1107B}"
EndProject
Global
	GlobalSection(SolutionConfigurationPlatforms) = preSolution
		Debug|Any CPU = Debug|Any CPU
		Release|Any CPU = Release|Any CPU
	EndGlobalSection
	GlobalSection(ProjectConfigurationPlatforms) = postSolution
		{D9DA7DD9-C2C1-4EAD-A851-FC53C1972D9A}.Debug|Any CPU.ActiveCfg = Debug|Any CPU
		{D9DA7DD9-C2C1-4EAD-A851-FC53C1972D9A}.Debug|Any CPU.Build.0 = Debug|Any CPU
		{D9DA7DD9-C2C1-4EAD-A851-FC53C1972D9A}.Release|Any CPU.ActiveCfg = Release|Any CPU
		{D9DA7DD9-C2C1-4EAD-A851-FC53C1972D9A}.Release|Any CPU.Build.0 = Release|Any CPU
		{F3A97675-0954-4BC1-85E4-D3AA18F46D91}.Debug|Any CPU.ActiveCfg = Debug|Any CPU
		{F3A97675-0954-4BC1-85E4-D3AA18F46D91}.Debug|Any CPU.Build.0 = Debug|Any CPU
		{F3A97675-0954-4BC1-85E4-D3AA18F46D91}.Release|Any CPU.ActiveCfg = Release|Any CPU
		{F3A97675-0954-4BC1-85E4-D3AA18F46D91}.Release|Any CPU.Build.0 = Release|Any CPU
		{52798469-C0B9-4053-ABFF-0F479164D643}.Debug|Any CPU.ActiveCfg = Debug|Any CPU
		{52798469-C0B9-4053-ABFF-0F479164D643}.Debug|Any CPU.Build.0 = Debug|Any CPU
		{52798469-C0B9-4053-ABFF-0F479164D643}.Release|Any CPU.ActiveCfg = Release|Any CPU
		{52798469-C0B9-4053-ABFF-0F479164D643}.Release|Any CPU.Build.0 = Release|Any CPU
		{A90C8144-2E2B-4A61-8D24-A9E04D50C0A5}.Debug|Any CPU.ActiveCfg = Debug|Any CPU
		{A90C8144-2E2B-4A61-8D24-A9E04D50C0A5}.Debug|Any CPU.Build.0 = Debug|Any CPU
		{A90C8144-2E2B-4A61-8D24-A9E04D50C0A5}.Release|Any CPU.ActiveCfg = Release|Any CPU
		{A90C8144-2E2B-4A61-8D24-A9E04D50C0A5}.Release|Any CPU.Build.0 = Release|Any CPU
		{71AE4189-78C6-4440-9FD9-F1D87F58B66E}.Debug|Any CPU.ActiveCfg = Debug|Any CPU
		{71AE4189-78C6-4440-9FD9-F1D87F58B66E}.Debug|Any CPU.Build.0 = Debug|Any CPU
		{71AE4189-78C6-4440-9FD9-F1D87F58B66E}.Release|Any CPU.ActiveCfg = Release|Any CPU
		{71AE4189-78C6-4440-9FD9-F1D87F58B66E}.Release|Any CPU.Build.0 = Release|Any CPU
		{72E525C5-00FF-41F2-BC33-1E1A80D2CD78}.Debug|Any CPU.ActiveCfg = Debug|Any CPU
		{72E525C5-00FF-41F2-BC33-1E1A80D2CD78}.Debug|Any CPU.Build.0 = Debug|Any CPU
		{72E525C5-00FF-41F2-BC33-1E1A80D2CD78}.Release|Any CPU.ActiveCfg = Release|Any CPU
		{72E525C5-00FF-41F2-BC33-1E1A80D2CD78}.Release|Any CPU.Build.0 = Release|Any CPU
		{21FB0442-F284-4C9F-A83F-52152EE1107B}.Debug|Any CPU.ActiveCfg = Debug|Any CPU
		{21FB0442-F284-4C9F-A83F-52152EE1107B}.Debug|Any CPU.Build.0 = Debug|Any CPU
		{21FB0442-F284-4C9F-A83F-52152EE1107B}.Release|Any CPU.ActiveCfg = Release|Any CPU
		{21FB0442-F284-4C9F-A83F-52152EE1107B}.Release|Any CPU.Build.0 = Release|Any CPU
	EndGlobalSection
	GlobalSection(SolutionProperties) = preSolution
		HideSolutionNode = FALSE
	EndGlobalSection
	GlobalSection(ExtensibilityGlobals) = postSolution
		SolutionGuid = {DF28849E-7D17-42D7-A4FC-7D4FA9130061}
	EndGlobalSection
EndGlobal
