
Microsoft Visual Studio Solution File, Format Version 12.00
# Visual Studio Version 17
VisualStudioVersion = 17.10.35201.131
MinimumVisualStudioVersion = 10.0.40219.1
Project("{9A19103F-16F7-4668-BE54-9A1E7A4F7556}") = "Aula01", "Aula01\Aula01.csproj", "{D9DA7DD9-C2C1-4EAD-A851-FC53C1972D9A}"
EndProject
Project("{9A19103F-16F7-4668-BE54-9A1E7A4F7556}") = "Aula02", "Aula02\Aula02.csproj", "{F3A97675-0954-4BC1-85E4-D3AA18F46D91}"
EndProject
Project("{9A19103F-16F7-4668-BE54-9A1E7A4F7556}") = "Aula03", "Aula03\Aula03.csproj", "{52798469-C0B9-4053-ABFF-0F479164D643}"
EndProject
Project("{9A19103F-16F7-4668-BE54-9A1E7A4F7556}") = "Aula04", "Aula04\Aula04.csproj", "{A90C8144-2E2B-4A61-8D24-A9E04D50C0A5}"
EndProject
Project("{9A19103F-16F7-4668-BE54-9A1E7A4F7556}") = "Aula05", "Aula05\Aula05.csproj", "{71AE4189-78C6-4440-9FD9-F1D87F58B66E}"
EndProject
Project("{9A19103F-16F7-4668-BE54-9A1E7A4F7556}") = "Aula06", "Aula06\Aula06.csproj", "{72E525C5-00FF-41F2-BC33-1E1A80D2CD78}"
EndProject
Project("{9A19103F-16F7-4668-BE54-9A1E7A4F7556}") = "Aula07", "Aula07\Aula07.csproj", "{21FB0442-F284-4C9F-A83F-52152EE1107B}"
EndProject
Project("{FAE04EC0-301F-11D3-BF4B-00C04F79EFBC}") = "Aula08", "Aula08\Aula08.csproj", "{A8DEB0A5-E12C-40A5-9184-37522DA40E5C}"
EndProject
Project("{2150E333-8FDC-42A3-9474-1A3956D46DE8}") = "Aulas", "Aulas", "{0B3C8138-7105-4D5D-A59C-6321CE3DDF96}"
EndProject
Project("{2150E333-8FDC-42A3-9474-1A3956D46DE8}") = "Sapiens", "Sapiens", "{413300FE-4271-4585-AD01-81AF9AA13E89}"
EndProject
Project("{FAE04EC0-301F-11D3-BF4B-00C04F79EFBC}") = "Sapiens.Console", "Sapiens\Sapiens.Console\Sapiens.Console.csproj", "{A1E03E9A-47D2-4F8B-B106-7E0C947B384B}"
EndProject
Project("{FAE04EC0-301F-11D3-BF4B-00C04F79EFBC}") = "Sapiens.Core", "Sapiens\Sapiens.Core\Sapiens.Core.csproj", "{025D1BD4-B476-442C-BB7E-02D5DDEB3CF8}"
EndProject
Project("{FAE04EC0-301F-11D3-BF4B-00C04F79EFBC}") = "Sapiens.Web", "Sapiens\Sapiens.Web\Sapiens.Web.csproj", "{33E8239B-DEAC-403D-9CF5-0CD26DDBE03D}"
EndProject
Global
	GlobalSection(SolutionConfigurationPlatforms) = preSolution
		Debug|Any CPU = Debug|Any CPU
		Release|Any CPU = Release|Any CPU
	EndGlobalSection
	GlobalSection(ProjectConfigurationPlatforms) = postSolution
		{D9DA7DD9-C2C1-4EAD-A851-FC53C1972D9A}.Debug|Any CPU.ActiveCfg = Debug|Any CPU
		{D9DA7DD9-C2C1-4EAD-A851-FC53C1972D9A}.Debug|Any CPU.Build.0 = Debug|Any CPU
		{D9DA7DD9-C2C1-4EAD-A851-FC53C1972D9A}.Release|Any CPU.ActiveCfg = Release|Any CPU
		{D9DA7DD9-C2C1-4EAD-A851-FC53C1972D9A}.Release|Any CPU.Build.0 = Release|Any CPU
		{F3A97675-0954-4BC1-85E4-D3AA18F46D91}.Debug|Any CPU.ActiveCfg = Debug|Any CPU
		{F3A97675-0954-4BC1-85E4-D3AA18F46D91}.Debug|Any CPU.Build.0 = Debug|Any CPU
		{F3A97675-0954-4BC1-85E4-D3AA18F46D91}.Release|Any CPU.ActiveCfg = Release|Any CPU
		{F3A97675-0954-4BC1-85E4-D3AA18F46D91}.Release|Any CPU.Build.0 = Release|Any CPU
		{52798469-C0B9-4053-ABFF-0F479164D643}.Debug|Any CPU.ActiveCfg = Debug|Any CPU
		{52798469-C0B9-4053-ABFF-0F479164D643}.Debug|Any CPU.Build.0 = Debug|Any CPU
		{52798469-C0B9-4053-ABFF-0F479164D643}.Release|Any CPU.ActiveCfg = Release|Any CPU
		{52798469-C0B9-4053-ABFF-0F479164D643}.Release|Any CPU.Build.0 = Release|Any CPU
		{A90C8144-2E2B-4A61-8D24-A9E04D50C0A5}.Debug|Any CPU.ActiveCfg = Debug|Any CPU
		{A90C8144-2E2B-4A61-8D24-A9E04D50C0A5}.Debug|Any CPU.Build.0 = Debug|Any CPU
		{A90C8144-2E2B-4A61-8D24-A9E04D50C0A5}.Release|Any CPU.ActiveCfg = Release|Any CPU
		{A90C8144-2E2B-4A61-8D24-A9E04D50C0A5}.Release|Any CPU.Build.0 = Release|Any CPU
		{71AE4189-78C6-4440-9FD9-F1D87F58B66E}.Debug|Any CPU.ActiveCfg = Debug|Any CPU
		{71AE4189-78C6-4440-9FD9-F1D87F58B66E}.Debug|Any CPU.Build.0 = Debug|Any CPU
		{71AE4189-78C6-4440-9FD9-F1D87F58B66E}.Release|Any CPU.ActiveCfg = Release|Any CPU
		{71AE4189-78C6-4440-9FD9-F1D87F58B66E}.Release|Any CPU.Build.0 = Release|Any CPU
		{72E525C5-00FF-41F2-BC33-1E1A80D2CD78}.Debug|Any CPU.ActiveCfg = Debug|Any CPU
		{72E525C5-00FF-41F2-BC33-1E1A80D2CD78}.Debug|Any CPU.Build.0 = Debug|Any CPU
		{72E525C5-00FF-41F2-BC33-1E1A80D2CD78}.Release|Any CPU.ActiveCfg = Release|Any CPU
		{72E525C5-00FF-41F2-BC33-1E1A80D2CD78}.Release|Any CPU.Build.0 = Release|Any CPU
		{21FB0442-F284-4C9F-A83F-52152EE1107B}.Debug|Any CPU.ActiveCfg = Debug|Any CPU
		{21FB0442-F284-4C9F-A83F-52152EE1107B}.Debug|Any CPU.Build.0 = Debug|Any CPU
		{21FB0442-F284-4C9F-A83F-52152EE1107B}.Release|Any CPU.ActiveCfg = Release|Any CPU
		{21FB0442-F284-4C9F-A83F-52152EE1107B}.Release|Any CPU.Build.0 = Release|Any CPU
		{A8DEB0A5-E12C-40A5-9184-37522DA40E5C}.Debug|Any CPU.ActiveCfg = Debug|Any CPU
		{A8DEB0A5-E12C-40A5-9184-37522DA40E5C}.Debug|Any CPU.Build.0 = Debug|Any CPU
		{A8DEB0A5-E12C-40A5-9184-37522DA40E5C}.Release|Any CPU.ActiveCfg = Release|Any CPU
		{A8DEB0A5-E12C-40A5-9184-37522DA40E5C}.Release|Any CPU.Build.0 = Release|Any CPU
		{A1E03E9A-47D2-4F8B-B106-7E0C947B384B}.Debug|Any CPU.ActiveCfg = Debug|Any CPU
		{A1E03E9A-47D2-4F8B-B106-7E0C947B384B}.Debug|Any CPU.Build.0 = Debug|Any CPU
		{A1E03E9A-47D2-4F8B-B106-7E0C947B384B}.Release|Any CPU.ActiveCfg = Release|Any CPU
		{A1E03E9A-47D2-4F8B-B106-7E0C947B384B}.Release|Any CPU.Build.0 = Release|Any CPU
		{025D1BD4-B476-442C-BB7E-02D5DDEB3CF8}.Debug|Any CPU.ActiveCfg = Debug|Any CPU
		{025D1BD4-B476-442C-BB7E-02D5DDEB3CF8}.Debug|Any CPU.Build.0 = Debug|Any CPU
		{025D1BD4-B476-442C-BB7E-02D5DDEB3CF8}.Release|Any CPU.ActiveCfg = Release|Any CPU
		{025D1BD4-B476-442C-BB7E-02D5DDEB3CF8}.Release|Any CPU.Build.0 = Release|Any CPU
		{33E8239B-DEAC-403D-9CF5-0CD26DDBE03D}.Debug|Any CPU.ActiveCfg = Debug|Any CPU
		{33E8239B-DEAC-403D-9CF5-0CD26DDBE03D}.Debug|Any CPU.Build.0 = Debug|Any CPU
		{33E8239B-DEAC-403D-9CF5-0CD26DDBE03D}.Release|Any CPU.ActiveCfg = Release|Any CPU
		{33E8239B-DEAC-403D-9CF5-0CD26DDBE03D}.Release|Any CPU.Build.0 = Release|Any CPU
	EndGlobalSection
	GlobalSection(SolutionProperties) = preSolution
		HideSolutionNode = FALSE
	EndGlobalSection
	GlobalSection(NestedProjects) = preSolution
		{D9DA7DD9-C2C1-4EAD-A851-FC53C1972D9A} = {0B3C8138-7105-4D5D-A59C-6321CE3DDF96}
		{F3A97675-0954-4BC1-85E4-D3AA18F46D91} = {0B3C8138-7105-4D5D-A59C-6321CE3DDF96}
		{52798469-C0B9-4053-ABFF-0F479164D643} = {0B3C8138-7105-4D5D-A59C-6321CE3DDF96}
		{A90C8144-2E2B-4A61-8D24-A9E04D50C0A5} = {0B3C8138-7105-4D5D-A59C-6321CE3DDF96}
		{71AE4189-78C6-4440-9FD9-F1D87F58B66E} = {0B3C8138-7105-4D5D-A59C-6321CE3DDF96}
		{72E525C5-00FF-41F2-BC33-1E1A80D2CD78} = {0B3C8138-7105-4D5D-A59C-6321CE3DDF96}
		{21FB0442-F284-4C9F-A83F-52152EE1107B} = {0B3C8138-7105-4D5D-A59C-6321CE3DDF96}
		{A8DEB0A5-E12C-40A5-9184-37522DA40E5C} = {0B3C8138-7105-4D5D-A59C-6321CE3DDF96}
		{A1E03E9A-47D2-4F8B-B106-7E0C947B384B} = {413300FE-4271-4585-AD01-81AF9AA13E89}
		{025D1BD4-B476-442C-BB7E-02D5DDEB3CF8} = {413300FE-4271-4585-AD01-81AF9AA13E89}
		{33E8239B-DEAC-403D-9CF5-0CD26DDBE03D} = {413300FE-4271-4585-AD01-81AF9AA13E89}
	EndGlobalSection
	GlobalSection(ExtensibilityGlobals) = postSolution
		SolutionGuid = {DF28849E-7D17-42D7-A4FC-7D4FA9130061}
	EndGlobalSection
EndGlobal
